
Microsoft Visual Studio Solution File, Format Version 12.00
# Visual Studio 2015
Project("{FAE04EC0-301F-11D3-BF4B-00C04F79EFBC}") = "Quiz.CSharp.Plugins", "Quiz.CSharp.Plugins.csproj", "{61A0FC3C-F1D4-A235-68DE-F8B997375CC1}"
EndProject
Project("{FAE04EC0-301F-11D3-BF4B-00C04F79EFBC}") = "Quiz.CSharp", "Quiz.CSharp.csproj", "{088CF4A2-31E6-256F-0527-BA0D9D91AF8B}"
EndProject
Project("{FAE04EC0-301F-11D3-BF4B-00C04F79EFBC}") = "Quiz.CSharp.Editor.Plugins", "Quiz.CSharp.Editor.Plugins.csproj", "{205ABA79-D299-9AD9-3D02-BBDA1535E5F6}"
EndProject
Global
	GlobalSection(SolutionConfigurationPlatforms) = preSolution
		Debug|Any CPU = Debug|Any CPU
		Release|Any CPU = Release|Any CPU
	EndGlobalSection
	GlobalSection(ProjectConfigurationPlatforms) = postSolution
		{61A0FC3C-F1D4-A235-68DE-F8B997375CC1}.Debug|Any CPU.ActiveCfg = Debug|Any CPU
		{61A0FC3C-F1D4-A235-68DE-F8B997375CC1}.Debug|Any CPU.Build.0 = Debug|Any CPU
		{61A0FC3C-F1D4-A235-68DE-F8B997375CC1}.Release|Any CPU.ActiveCfg = Release|Any CPU
		{61A0FC3C-F1D4-A235-68DE-F8B997375CC1}.Release|Any CPU.Build.0 = Release|Any CPU
		{088CF4A2-31E6-256F-0527-BA0D9D91AF8B}.Debug|Any CPU.ActiveCfg = Debug|Any CPU
		{088CF4A2-31E6-256F-0527-BA0D9D91AF8B}.Debug|Any CPU.Build.0 = Debug|Any CPU
		{088CF4A2-31E6-256F-0527-BA0D9D91AF8B}.Release|Any CPU.ActiveCfg = Release|Any CPU
		{088CF4A2-31E6-256F-0527-BA0D9D91AF8B}.Release|Any CPU.Build.0 = Release|Any CPU
		{205ABA79-D299-9AD9-3D02-BBDA1535E5F6}.Debug|Any CPU.ActiveCfg = Debug|Any CPU
		{205ABA79-D299-9AD9-3D02-BBDA1535E5F6}.Debug|Any CPU.Build.0 = Debug|Any CPU
		{205ABA79-D299-9AD9-3D02-BBDA1535E5F6}.Release|Any CPU.ActiveCfg = Release|Any CPU
		{205ABA79-D299-9AD9-3D02-BBDA1535E5F6}.Release|Any CPU.Build.0 = Release|Any CPU
	EndGlobalSection
	GlobalSection(SolutionProperties) = preSolution
		HideSolutionNode = FALSE
	EndGlobalSection
EndGlobal
